
Microsoft Visual Studio Solution File, Format Version 12.00
# Visual Studio 2010
Project("{2150E333-8FDC-42A3-9474-1A3956D46DE8}") = "solution items", "solution items", "{B7B2D842-7326-402E-A5FD-FE23209B58F7}"
	ProjectSection(SolutionItems) = preProject
		solution items\aspnetdb.sql = solution items\aspnetdb.sql
		solution items\readme - DynamicRouter.txt = solution items\readme - DynamicRouter.txt
		solution items\readme - Membership (aspnetdb).txt = solution items\readme - Membership (aspnetdb).txt
		solution items\readme - SOA Design Practices.txt = solution items\readme - SOA Design Practices.txt
		solution items\readme - TopShelf.txt = solution items\readme - TopShelf.txt
		solution items\readme - Xunit.txt = solution items\readme - Xunit.txt
		solution items\readme - Zen Overview.txt = solution items\readme - Zen Overview.txt
		solution items\readme - Zen Projects.txt = solution items\readme - Zen Projects.txt
	EndProjectSection
EndProject
Project("{2150E333-8FDC-42A3-9474-1A3956D46DE8}") = "bootstrappers", "bootstrappers", "{00016230-8613-4984-BD70-B2F27BD32D8C}"
EndProject
Project("{2150E333-8FDC-42A3-9474-1A3956D46DE8}") = "2. wcf hosting", "2. wcf hosting", "{78F527CF-B1AC-4A4D-A285-00ED316EA6E6}"
EndProject
Project("{2150E333-8FDC-42A3-9474-1A3956D46DE8}") = "1. presentation", "1. presentation", "{5BBFCA8E-6913-488D-8517-2009C8C5B35B}"
EndProject
Project("{2150E333-8FDC-42A3-9474-1A3956D46DE8}") = "3. framework", "3. framework", "{B9F5E951-BE5B-4ED7-8E6D-A5B36CDCB4A0}"
EndProject
Project("{FAE04EC0-301F-11D3-BF4B-00C04F79EFBC}") = "Zen ~ Framework", "Zen\Zen ~ Framework.csproj", "{4D1B27DD-AD19-4405-90C0-E03BAD50FEBF}"
EndProject
Project("{FAE04EC0-301F-11D3-BF4B-00C04F79EFBC}") = "Zen.Data ~ ORM", "Zen.Data\Zen.Data ~ ORM.csproj", "{6654D1EB-D5CD-4618-A326-1808894F8D27}"
EndProject
Project("{FAE04EC0-301F-11D3-BF4B-00C04F79EFBC}") = "Zen.Svcs ~ WCF", "Zen.Svcs\Zen.Svcs ~ WCF.csproj", "{C171F5FC-10C4-4F1C-B937-148D35105C65}"
EndProject
Project("{FAE04EC0-301F-11D3-BF4B-00C04F79EFBC}") = "Zen.Ux.Mvvm ~ ModelViewViewModel", "Zen.Ux.Mvvm\Zen.Ux.Mvvm ~ ModelViewViewModel.csproj", "{06661459-5BB4-4865-9F35-A3D041086789}"
	ProjectSection(ProjectDependencies) = postProject
		{C171F5FC-10C4-4F1C-B937-148D35105C65} = {C171F5FC-10C4-4F1C-B937-148D35105C65}
	EndProjectSection
EndProject
Project("{FAE04EC0-301F-11D3-BF4B-00C04F79EFBC}") = "Zen.Ux.Mvp ~ ModelViewPresenter", "Zen.Ux.Mvp\Zen.Ux.Mvp ~ ModelViewPresenter.csproj", "{F178D8FB-9CC2-401F-995C-F24170A5966D}"
EndProject
Project("{FAE04EC0-301F-11D3-BF4B-00C04F79EFBC}") = "Zen.Svcs.WebHost ~ for IIS", "Zen.Svcs.WebHost\Zen.Svcs.WebHost ~ for IIS.csproj", "{AA8E1919-C867-4060-9717-9AE0CFCC732D}"
EndProject
Project("{FAE04EC0-301F-11D3-BF4B-00C04F79EFBC}") = "Zen.Svcs.ShelfHost ~ Server", "Zen.Svcs.SelfHost\Zen.Svcs.ShelfHost ~ Server.csproj", "{70C5C7E2-4A2E-4ECF-9DB3-F9755758F82C}"
EndProject
Project("{FAE04EC0-301F-11D3-BF4B-00C04F79EFBC}") = "Zen.Xunit.Tests", "Zen.Xunit.Tests\Zen.Xunit.Tests.csproj", "{14A5C31D-7651-40BA-8C96-04925FEA3460}"
EndProject
Project("{FAE04EC0-301F-11D3-BF4B-00C04F79EFBC}") = "Zen.Svcs.Bootstrap ~ Shells (4WNH)", "Zen.Svcs.Bootstrap\Zen.Svcs.Bootstrap ~ Shells (4WNH).csproj", "{EEC581C9-8FC7-474D-8942-83F5D325923B}"
EndProject
Project("{FAE04EC0-301F-11D3-BF4B-00C04F79EFBC}") = "Zen.Ux.Bootstrap ~ Shells (4WNH)", "Zen.Ux.Bootstrap\Zen.Ux.Bootstrap ~ Shells (4WNH).csproj", "{4C9ED75A-2F4E-4827-A848-FB386CEA626E}"
EndProject
Project("{FAE04EC0-301F-11D3-BF4B-00C04F79EFBC}") = "Zen.Ux.WpfApp ~ Windows Presentaion", "Zen.Ux.WpfApp\Zen.Ux.WpfApp ~ Windows Presentaion.csproj", "{C7F7F1BC-2745-4D7F-9160-31FB7CF02E69}"
EndProject
Project("{FAE04EC0-301F-11D3-BF4B-00C04F79EFBC}") = "Zen.Ux.WinApp ~ Windows Forms", "Zen.Ux.WinApp\Zen.Ux.WinApp ~ Windows Forms.csproj", "{4F232318-8A22-458C-B4AE-B36809DFB79F}"
EndProject
Global
	GlobalSection(SolutionConfigurationPlatforms) = preSolution
		Debug|Any CPU = Debug|Any CPU
		Debug|Mixed Platforms = Debug|Mixed Platforms
		Debug|x86 = Debug|x86
		Release|Any CPU = Release|Any CPU
		Release|Mixed Platforms = Release|Mixed Platforms
		Release|x86 = Release|x86
	EndGlobalSection
	GlobalSection(ProjectConfigurationPlatforms) = postSolution
		{4D1B27DD-AD19-4405-90C0-E03BAD50FEBF}.Debug|Any CPU.ActiveCfg = Debug|Any CPU
		{4D1B27DD-AD19-4405-90C0-E03BAD50FEBF}.Debug|Any CPU.Build.0 = Debug|Any CPU
		{4D1B27DD-AD19-4405-90C0-E03BAD50FEBF}.Debug|Mixed Platforms.ActiveCfg = Debug|Any CPU
		{4D1B27DD-AD19-4405-90C0-E03BAD50FEBF}.Debug|Mixed Platforms.Build.0 = Debug|Any CPU
		{4D1B27DD-AD19-4405-90C0-E03BAD50FEBF}.Debug|x86.ActiveCfg = Debug|Any CPU
		{4D1B27DD-AD19-4405-90C0-E03BAD50FEBF}.Release|Any CPU.ActiveCfg = Release|Any CPU
		{4D1B27DD-AD19-4405-90C0-E03BAD50FEBF}.Release|Any CPU.Build.0 = Release|Any CPU
		{4D1B27DD-AD19-4405-90C0-E03BAD50FEBF}.Release|Mixed Platforms.ActiveCfg = Release|Any CPU
		{4D1B27DD-AD19-4405-90C0-E03BAD50FEBF}.Release|Mixed Platforms.Build.0 = Release|Any CPU
		{4D1B27DD-AD19-4405-90C0-E03BAD50FEBF}.Release|x86.ActiveCfg = Release|Any CPU
		{6654D1EB-D5CD-4618-A326-1808894F8D27}.Debug|Any CPU.ActiveCfg = Debug|Any CPU
		{6654D1EB-D5CD-4618-A326-1808894F8D27}.Debug|Any CPU.Build.0 = Debug|Any CPU
		{6654D1EB-D5CD-4618-A326-1808894F8D27}.Debug|Mixed Platforms.ActiveCfg = Debug|Any CPU
		{6654D1EB-D5CD-4618-A326-1808894F8D27}.Debug|Mixed Platforms.Build.0 = Debug|Any CPU
		{6654D1EB-D5CD-4618-A326-1808894F8D27}.Debug|x86.ActiveCfg = Debug|Any CPU
		{6654D1EB-D5CD-4618-A326-1808894F8D27}.Release|Any CPU.ActiveCfg = Release|Any CPU
		{6654D1EB-D5CD-4618-A326-1808894F8D27}.Release|Any CPU.Build.0 = Release|Any CPU
		{6654D1EB-D5CD-4618-A326-1808894F8D27}.Release|Mixed Platforms.ActiveCfg = Release|Any CPU
		{6654D1EB-D5CD-4618-A326-1808894F8D27}.Release|Mixed Platforms.Build.0 = Release|Any CPU
		{6654D1EB-D5CD-4618-A326-1808894F8D27}.Release|x86.ActiveCfg = Release|Any CPU
		{C171F5FC-10C4-4F1C-B937-148D35105C65}.Debug|Any CPU.ActiveCfg = Debug|Any CPU
		{C171F5FC-10C4-4F1C-B937-148D35105C65}.Debug|Any CPU.Build.0 = Debug|Any CPU
		{C171F5FC-10C4-4F1C-B937-148D35105C65}.Debug|Mixed Platforms.ActiveCfg = Debug|Any CPU
		{C171F5FC-10C4-4F1C-B937-148D35105C65}.Debug|Mixed Platforms.Build.0 = Debug|Any CPU
		{C171F5FC-10C4-4F1C-B937-148D35105C65}.Debug|x86.ActiveCfg = Debug|Any CPU
		{C171F5FC-10C4-4F1C-B937-148D35105C65}.Release|Any CPU.ActiveCfg = Release|Any CPU
		{C171F5FC-10C4-4F1C-B937-148D35105C65}.Release|Any CPU.Build.0 = Release|Any CPU
		{C171F5FC-10C4-4F1C-B937-148D35105C65}.Release|Mixed Platforms.ActiveCfg = Release|Any CPU
		{C171F5FC-10C4-4F1C-B937-148D35105C65}.Release|Mixed Platforms.Build.0 = Release|Any CPU
		{C171F5FC-10C4-4F1C-B937-148D35105C65}.Release|x86.ActiveCfg = Release|Any CPU
		{06661459-5BB4-4865-9F35-A3D041086789}.Debug|Any CPU.ActiveCfg = Debug|Any CPU
		{06661459-5BB4-4865-9F35-A3D041086789}.Debug|Any CPU.Build.0 = Debug|Any CPU
		{06661459-5BB4-4865-9F35-A3D041086789}.Debug|Mixed Platforms.ActiveCfg = Debug|Any CPU
		{06661459-5BB4-4865-9F35-A3D041086789}.Debug|Mixed Platforms.Build.0 = Debug|Any CPU
		{06661459-5BB4-4865-9F35-A3D041086789}.Debug|x86.ActiveCfg = Debug|Any CPU
		{06661459-5BB4-4865-9F35-A3D041086789}.Release|Any CPU.ActiveCfg = Release|Any CPU
		{06661459-5BB4-4865-9F35-A3D041086789}.Release|Any CPU.Build.0 = Release|Any CPU
		{06661459-5BB4-4865-9F35-A3D041086789}.Release|Mixed Platforms.ActiveCfg = Release|Any CPU
		{06661459-5BB4-4865-9F35-A3D041086789}.Release|Mixed Platforms.Build.0 = Release|Any CPU
		{06661459-5BB4-4865-9F35-A3D041086789}.Release|x86.ActiveCfg = Release|Any CPU
		{F178D8FB-9CC2-401F-995C-F24170A5966D}.Debug|Any CPU.ActiveCfg = Debug|Any CPU
		{F178D8FB-9CC2-401F-995C-F24170A5966D}.Debug|Any CPU.Build.0 = Debug|Any CPU
		{F178D8FB-9CC2-401F-995C-F24170A5966D}.Debug|Mixed Platforms.ActiveCfg = Debug|Any CPU
		{F178D8FB-9CC2-401F-995C-F24170A5966D}.Debug|Mixed Platforms.Build.0 = Debug|Any CPU
		{F178D8FB-9CC2-401F-995C-F24170A5966D}.Debug|x86.ActiveCfg = Debug|Any CPU
		{F178D8FB-9CC2-401F-995C-F24170A5966D}.Release|Any CPU.ActiveCfg = Release|Any CPU
		{F178D8FB-9CC2-401F-995C-F24170A5966D}.Release|Any CPU.Build.0 = Release|Any CPU
		{F178D8FB-9CC2-401F-995C-F24170A5966D}.Release|Mixed Platforms.ActiveCfg = Release|Any CPU
		{F178D8FB-9CC2-401F-995C-F24170A5966D}.Release|Mixed Platforms.Build.0 = Release|Any CPU
		{F178D8FB-9CC2-401F-995C-F24170A5966D}.Release|x86.ActiveCfg = Release|Any CPU
		{AA8E1919-C867-4060-9717-9AE0CFCC732D}.Debug|Any CPU.ActiveCfg = Debug|Any CPU
		{AA8E1919-C867-4060-9717-9AE0CFCC732D}.Debug|Any CPU.Build.0 = Debug|Any CPU
		{AA8E1919-C867-4060-9717-9AE0CFCC732D}.Debug|Mixed Platforms.ActiveCfg = Debug|Any CPU
		{AA8E1919-C867-4060-9717-9AE0CFCC732D}.Debug|Mixed Platforms.Build.0 = Debug|Any CPU
		{AA8E1919-C867-4060-9717-9AE0CFCC732D}.Debug|x86.ActiveCfg = Debug|Any CPU
		{AA8E1919-C867-4060-9717-9AE0CFCC732D}.Release|Any CPU.ActiveCfg = Release|Any CPU
		{AA8E1919-C867-4060-9717-9AE0CFCC732D}.Release|Any CPU.Build.0 = Release|Any CPU
		{AA8E1919-C867-4060-9717-9AE0CFCC732D}.Release|Mixed Platforms.ActiveCfg = Release|Any CPU
		{AA8E1919-C867-4060-9717-9AE0CFCC732D}.Release|Mixed Platforms.Build.0 = Release|Any CPU
		{AA8E1919-C867-4060-9717-9AE0CFCC732D}.Release|x86.ActiveCfg = Release|Any CPU
		{70C5C7E2-4A2E-4ECF-9DB3-F9755758F82C}.Debug|Any CPU.ActiveCfg = Debug|x86
		{70C5C7E2-4A2E-4ECF-9DB3-F9755758F82C}.Debug|Mixed Platforms.ActiveCfg = Debug|x86
		{70C5C7E2-4A2E-4ECF-9DB3-F9755758F82C}.Debug|Mixed Platforms.Build.0 = Debug|x86
		{70C5C7E2-4A2E-4ECF-9DB3-F9755758F82C}.Debug|x86.ActiveCfg = Debug|x86
		{70C5C7E2-4A2E-4ECF-9DB3-F9755758F82C}.Debug|x86.Build.0 = Debug|x86
		{70C5C7E2-4A2E-4ECF-9DB3-F9755758F82C}.Release|Any CPU.ActiveCfg = Release|x86
		{70C5C7E2-4A2E-4ECF-9DB3-F9755758F82C}.Release|Mixed Platforms.ActiveCfg = Release|x86
		{70C5C7E2-4A2E-4ECF-9DB3-F9755758F82C}.Release|Mixed Platforms.Build.0 = Release|x86
		{70C5C7E2-4A2E-4ECF-9DB3-F9755758F82C}.Release|x86.ActiveCfg = Release|x86
		{70C5C7E2-4A2E-4ECF-9DB3-F9755758F82C}.Release|x86.Build.0 = Release|x86
		{14A5C31D-7651-40BA-8C96-04925FEA3460}.Debug|Any CPU.ActiveCfg = Debug|Any CPU
		{14A5C31D-7651-40BA-8C96-04925FEA3460}.Debug|Any CPU.Build.0 = Debug|Any CPU
		{14A5C31D-7651-40BA-8C96-04925FEA3460}.Debug|Mixed Platforms.ActiveCfg = Debug|Any CPU
		{14A5C31D-7651-40BA-8C96-04925FEA3460}.Debug|Mixed Platforms.Build.0 = Debug|Any CPU
		{14A5C31D-7651-40BA-8C96-04925FEA3460}.Debug|x86.ActiveCfg = Debug|Any CPU
		{14A5C31D-7651-40BA-8C96-04925FEA3460}.Release|Any CPU.ActiveCfg = Release|Any CPU
		{14A5C31D-7651-40BA-8C96-04925FEA3460}.Release|Any CPU.Build.0 = Release|Any CPU
		{14A5C31D-7651-40BA-8C96-04925FEA3460}.Release|Mixed Platforms.ActiveCfg = Release|Any CPU
		{14A5C31D-7651-40BA-8C96-04925FEA3460}.Release|Mixed Platforms.Build.0 = Release|Any CPU
		{14A5C31D-7651-40BA-8C96-04925FEA3460}.Release|x86.ActiveCfg = Release|Any CPU
		{EEC581C9-8FC7-474D-8942-83F5D325923B}.Debug|Any CPU.ActiveCfg = Debug|Any CPU
		{EEC581C9-8FC7-474D-8942-83F5D325923B}.Debug|Any CPU.Build.0 = Debug|Any CPU
		{EEC581C9-8FC7-474D-8942-83F5D325923B}.Debug|Mixed Platforms.ActiveCfg = Debug|Any CPU
		{EEC581C9-8FC7-474D-8942-83F5D325923B}.Debug|Mixed Platforms.Build.0 = Debug|Any CPU
		{EEC581C9-8FC7-474D-8942-83F5D325923B}.Debug|x86.ActiveCfg = Debug|Any CPU
		{EEC581C9-8FC7-474D-8942-83F5D325923B}.Release|Any CPU.ActiveCfg = Release|Any CPU
		{EEC581C9-8FC7-474D-8942-83F5D325923B}.Release|Any CPU.Build.0 = Release|Any CPU
		{EEC581C9-8FC7-474D-8942-83F5D325923B}.Release|Mixed Platforms.ActiveCfg = Release|Any CPU
		{EEC581C9-8FC7-474D-8942-83F5D325923B}.Release|Mixed Platforms.Build.0 = Release|Any CPU
		{EEC581C9-8FC7-474D-8942-83F5D325923B}.Release|x86.ActiveCfg = Release|Any CPU
		{4C9ED75A-2F4E-4827-A848-FB386CEA626E}.Debug|Any CPU.ActiveCfg = Debug|Any CPU
		{4C9ED75A-2F4E-4827-A848-FB386CEA626E}.Debug|Any CPU.Build.0 = Debug|Any CPU
		{4C9ED75A-2F4E-4827-A848-FB386CEA626E}.Debug|Mixed Platforms.ActiveCfg = Debug|Any CPU
		{4C9ED75A-2F4E-4827-A848-FB386CEA626E}.Debug|Mixed Platforms.Build.0 = Debug|Any CPU
		{4C9ED75A-2F4E-4827-A848-FB386CEA626E}.Debug|x86.ActiveCfg = Debug|Any CPU
		{4C9ED75A-2F4E-4827-A848-FB386CEA626E}.Release|Any CPU.ActiveCfg = Release|Any CPU
		{4C9ED75A-2F4E-4827-A848-FB386CEA626E}.Release|Any CPU.Build.0 = Release|Any CPU
		{4C9ED75A-2F4E-4827-A848-FB386CEA626E}.Release|Mixed Platforms.ActiveCfg = Release|Any CPU
		{4C9ED75A-2F4E-4827-A848-FB386CEA626E}.Release|Mixed Platforms.Build.0 = Release|Any CPU
		{4C9ED75A-2F4E-4827-A848-FB386CEA626E}.Release|x86.ActiveCfg = Release|Any CPU
		{C7F7F1BC-2745-4D7F-9160-31FB7CF02E69}.Debug|Any CPU.ActiveCfg = Debug|x86
		{C7F7F1BC-2745-4D7F-9160-31FB7CF02E69}.Debug|Mixed Platforms.ActiveCfg = Debug|x86
		{C7F7F1BC-2745-4D7F-9160-31FB7CF02E69}.Debug|Mixed Platforms.Build.0 = Debug|x86
		{C7F7F1BC-2745-4D7F-9160-31FB7CF02E69}.Debug|x86.ActiveCfg = Debug|x86
		{C7F7F1BC-2745-4D7F-9160-31FB7CF02E69}.Debug|x86.Build.0 = Debug|x86
		{C7F7F1BC-2745-4D7F-9160-31FB7CF02E69}.Release|Any CPU.ActiveCfg = Release|x86
		{C7F7F1BC-2745-4D7F-9160-31FB7CF02E69}.Release|Mixed Platforms.ActiveCfg = Release|x86
		{C7F7F1BC-2745-4D7F-9160-31FB7CF02E69}.Release|Mixed Platforms.Build.0 = Release|x86
		{C7F7F1BC-2745-4D7F-9160-31FB7CF02E69}.Release|x86.ActiveCfg = Release|x86
		{C7F7F1BC-2745-4D7F-9160-31FB7CF02E69}.Release|x86.Build.0 = Release|x86
		{4F232318-8A22-458C-B4AE-B36809DFB79F}.Debug|Any CPU.ActiveCfg = Debug|x86
		{4F232318-8A22-458C-B4AE-B36809DFB79F}.Debug|Mixed Platforms.ActiveCfg = Debug|x86
		{4F232318-8A22-458C-B4AE-B36809DFB79F}.Debug|Mixed Platforms.Build.0 = Debug|x86
		{4F232318-8A22-458C-B4AE-B36809DFB79F}.Debug|x86.ActiveCfg = Debug|x86
		{4F232318-8A22-458C-B4AE-B36809DFB79F}.Debug|x86.Build.0 = Debug|x86
		{4F232318-8A22-458C-B4AE-B36809DFB79F}.Release|Any CPU.ActiveCfg = Release|x86
		{4F232318-8A22-458C-B4AE-B36809DFB79F}.Release|Mixed Platforms.ActiveCfg = Release|x86
		{4F232318-8A22-458C-B4AE-B36809DFB79F}.Release|Mixed Platforms.Build.0 = Release|x86
		{4F232318-8A22-458C-B4AE-B36809DFB79F}.Release|x86.ActiveCfg = Release|x86
		{4F232318-8A22-458C-B4AE-B36809DFB79F}.Release|x86.Build.0 = Release|x86
	EndGlobalSection
	GlobalSection(SolutionProperties) = preSolution
		HideSolutionNode = FALSE
	EndGlobalSection
	GlobalSection(NestedProjects) = preSolution
		{EEC581C9-8FC7-474D-8942-83F5D325923B} = {00016230-8613-4984-BD70-B2F27BD32D8C}
		{4C9ED75A-2F4E-4827-A848-FB386CEA626E} = {00016230-8613-4984-BD70-B2F27BD32D8C}
		{AA8E1919-C867-4060-9717-9AE0CFCC732D} = {78F527CF-B1AC-4A4D-A285-00ED316EA6E6}
		{70C5C7E2-4A2E-4ECF-9DB3-F9755758F82C} = {78F527CF-B1AC-4A4D-A285-00ED316EA6E6}
		{06661459-5BB4-4865-9F35-A3D041086789} = {5BBFCA8E-6913-488D-8517-2009C8C5B35B}
		{F178D8FB-9CC2-401F-995C-F24170A5966D} = {5BBFCA8E-6913-488D-8517-2009C8C5B35B}
		{4D1B27DD-AD19-4405-90C0-E03BAD50FEBF} = {B9F5E951-BE5B-4ED7-8E6D-A5B36CDCB4A0}
		{6654D1EB-D5CD-4618-A326-1808894F8D27} = {B9F5E951-BE5B-4ED7-8E6D-A5B36CDCB4A0}
		{C171F5FC-10C4-4F1C-B937-148D35105C65} = {B9F5E951-BE5B-4ED7-8E6D-A5B36CDCB4A0}
	EndGlobalSection
EndGlobal
